
Microsoft Visual Studio Solution File, Format Version 12.00
# Visual Studio Version 16
VisualStudioVersion = 16.0.32901.82
MinimumVisualStudioVersion = 10.0.40219.1
Project("{FAE04EC0-301F-11D3-BF4B-00C04F79EFBC}") = "MvcMoviesApp", "MvcMoviesApp\MvcMoviesApp.csproj", "{4BCC2CA4-C56D-4494-8DA9-27BB55408C5B}"
EndProject
Global
	GlobalSection(SolutionConfigurationPlatforms) = preSolution
		Debug|Any CPU = Debug|Any CPU
		Release|Any CPU = Release|Any CPU
	EndGlobalSection
	GlobalSection(ProjectConfigurationPlatforms) = postSolution
		{4BCC2CA4-C56D-4494-8DA9-27BB55408C5B}.Debug|Any CPU.ActiveCfg = Debug|Any CPU
		{4BCC2CA4-C56D-4494-8DA9-27BB55408C5B}.Debug|Any CPU.Build.0 = Debug|Any CPU
		{4BCC2CA4-C56D-4494-8DA9-27BB55408C5B}.Release|Any CPU.ActiveCfg = Release|Any CPU
		{4BCC2CA4-C56D-4494-8DA9-27BB55408C5B}.Release|Any CPU.Build.0 = Release|Any CPU
	EndGlobalSection
	GlobalSection(SolutionProperties) = preSolution
		HideSolutionNode = FALSE
	EndGlobalSection
	GlobalSection(ExtensibilityGlobals) = postSolution
		SolutionGuid = {DEDB9A80-456B-46F0-92CF-4CD348EF3054}
	EndGlobalSection
EndGlobal
